// !$*UTF8*$!
{
	archiveVersion = 1;
	classes = {
	};
	objectVersion = 55;
	objects = {

/* Begin PBXBuildFile section */
		251623B127CFEE4D00C63D8C /* quizFourApp.swift in Sources */ = {isa = PBXBuildFile; fileRef = 251623B027CFEE4D00C63D8C /* quizFourApp.swift */; };
		251623B327CFEE4D00C63D8C /* ContentView.swift in Sources */ = {isa = PBXBuildFile; fileRef = 251623B227CFEE4D00C63D8C /* ContentView.swift */; };
		251623B527CFEE4D00C63D8C /* Assets.xcassets in Resources */ = {isa = PBXBuildFile; fileRef = 251623B427CFEE4D00C63D8C /* Assets.xcassets */; };
		251623B827CFEE4D00C63D8C /* Preview Assets.xcassets in Resources */ = {isa = PBXBuildFile; fileRef = 251623B727CFEE4D00C63D8C /* Preview Assets.xcassets */; };
		251623C227CFEE4E00C63D8C /* quizFourTests.swift in Sources */ = {isa = PBXBuildFile; fileRef = 251623C127CFEE4E00C63D8C /* quizFourTests.swift */; };
		251623CC27CFEE4E00C63D8C /* quizFourUITests.swift in Sources */ = {isa = PBXBuildFile; fileRef = 251623CB27CFEE4E00C63D8C /* quizFourUITests.swift */; };
		251623CE27CFEE4E00C63D8C /* quizFourUITestsLaunchTests.swift in Sources */ = {isa = PBXBuildFile; fileRef = 251623CD27CFEE4E00C63D8C /* quizFourUITestsLaunchTests.swift */; };
/* End PBXBuildFile section */

/* Begin PBXContainerItemProxy section */
		251623BE27CFEE4E00C63D8C /* PBXContainerItemProxy */ = {
			isa = PBXContainerItemProxy;
			containerPortal = 251623A527CFEE4D00C63D8C /* Project object */;
			proxyType = 1;
			remoteGlobalIDString = 251623AC27CFEE4D00C63D8C;
			remoteInfo = quizFour;
		};
		251623C827CFEE4E00C63D8C /* PBXContainerItemProxy */ = {
			isa = PBXContainerItemProxy;
			containerPortal = 251623A527CFEE4D00C63D8C /* Project object */;
			proxyType = 1;
			remoteGlobalIDString = 251623AC27CFEE4D00C63D8C;
			remoteInfo = quizFour;
		};
/* End PBXContainerItemProxy section */

/* Begin PBXFileReference section */
		251623AD27CFEE4D00C63D8C /* quizFour.app */ = {isa = PBXFileReference; explicitFileType = wrapper.application; includeInIndex = 0; path = quizFour.app; sourceTree = BUILT_PRODUCTS_DIR; };
		251623B027CFEE4D00C63D8C /* quizFourApp.swift */ = {isa = PBXFileReference; lastKnownFileType = sourcecode.swift; path = quizFourApp.swift; sourceTree = "<group>"; };
		251623B227CFEE4D00C63D8C /* ContentView.swift */ = {isa = PBXFileReference; lastKnownFileType = sourcecode.swift; path = ContentView.swift; sourceTree = "<group>"; };
		251623B427CFEE4D00C63D8C /* Assets.xcassets */ = {isa = PBXFileReference; lastKnownFileType = folder.assetcatalog; path = Assets.xcassets; sourceTree = "<group>"; };
		251623B727CFEE4D00C63D8C /* Preview Assets.xcassets */ = {isa = PBXFileReference; lastKnownFileType = folder.assetcatalog; path = "Preview Assets.xcassets"; sourceTree = "<group>"; };
		251623BD27CFEE4E00C63D8C /* quizFourTests.xctest */ = {isa = PBXFileReference; explicitFileType = wrapper.cfbundle; includeInIndex = 0; path = quizFourTests.xctest; sourceTree = BUILT_PRODUCTS_DIR; };
		251623C127CFEE4E00C63D8C /* quizFourTests.swift */ = {isa = PBXFileReference; lastKnownFileType = sourcecode.swift; path = quizFourTests.swift; sourceTree = "<group>"; };
		251623C727CFEE4E00C63D8C /* quizFourUITests.xctest */ = {isa = PBXFileReference; explicitFileType = wrapper.cfbundle; includeInIndex = 0; path = quizFourUITests.xctest; sourceTree = BUILT_PRODUCTS_DIR; };
		251623CB27CFEE4E00C63D8C /* quizFourUITests.swift */ = {isa = PBXFileReference; lastKnownFileType = sourcecode.swift; path = quizFourUITests.swift; sourceTree = "<group>"; };
		251623CD27CFEE4E00C63D8C /* quizFourUITestsLaunchTests.swift */ = {isa = PBXFileReference; lastKnownFileType = sourcecode.swift; path = quizFourUITestsLaunchTests.swift; sourceTree = "<group>"; };
/* End PBXFileReference section */

/* Begin PBXFrameworksBuildPhase section */
		251623AA27CFEE4D00C63D8C /* Frameworks */ = {
			isa = PBXFrameworksBuildPhase;
			buildActionMask = 2147483647;
			files = (
			);
			runOnlyForDeploymentPostprocessing = 0;
		};
		251623BA27CFEE4E00C63D8C /* Frameworks */ = {
			isa = PBXFrameworksBuildPhase;
			buildActionMask = 2147483647;
			files = (
			);
			runOnlyForDeploymentPostprocessing = 0;
		};
		251623C427CFEE4E00C63D8C /* Frameworks */ = {
			isa = PBXFrameworksBuildPhase;
			buildActionMask = 2147483647;
			files = (
			);
			runOnlyForDeploymentPostprocessing = 0;
		};
/* End PBXFrameworksBuildPhase section */

/* Begin PBXGroup section */
		251623A427CFEE4D00C63D8C = {
			isa = PBXGroup;
			children = (
				251623AF27CFEE4D00C63D8C /* quizFour */,
				251623C027CFEE4E00C63D8C /* quizFourTests */,
				251623CA27CFEE4E00C63D8C /* quizFourUITests */,
				251623AE27CFEE4D00C63D8C /* Products */,
			);
			sourceTree = "<group>";
		};
		251623AE27CFEE4D00C63D8C /* Products */ = {
			isa = PBXGroup;
			children = (
				251623AD27CFEE4D00C63D8C /* quizFour.app */,
				251623BD27CFEE4E00C63D8C /* quizFourTests.xctest */,
				251623C727CFEE4E00C63D8C /* quizFourUITests.xctest */,
			);
			name = Products;
			sourceTree = "<group>";
		};
		251623AF27CFEE4D00C63D8C /* quizFour */ = {
			isa = PBXGroup;
			children = (
				251623B027CFEE4D00C63D8C /* quizFourApp.swift */,
				251623B227CFEE4D00C63D8C /* ContentView.swift */,
				251623B427CFEE4D00C63D8C /* Assets.xcassets */,
				251623B627CFEE4D00C63D8C /* Preview Content */,
			);
			path = quizFour;
			sourceTree = "<group>";
		};
		251623B627CFEE4D00C63D8C /* Preview Content */ = {
			isa = PBXGroup;
			children = (
				251623B727CFEE4D00C63D8C /* Preview Assets.xcassets */,
			);
			path = "Preview Content";
			sourceTree = "<group>";
		};
		251623C027CFEE4E00C63D8C /* quizFourTests */ = {
			isa = PBXGroup;
			children = (
				251623C127CFEE4E00C63D8C /* quizFourTests.swift */,
			);
			path = quizFourTests;
			sourceTree = "<group>";
		};
		251623CA27CFEE4E00C63D8C /* quizFourUITests */ = {
			isa = PBXGroup;
			children = (
				251623CB27CFEE4E00C63D8C /* quizFourUITests.swift */,
				251623CD27CFEE4E00C63D8C /* quizFourUITestsLaunchTests.swift */,
			);
			path = quizFourUITests;
			sourceTree = "<group>";
		};
/* End PBXGroup section */

/* Begin PBXNativeTarget section */
		251623AC27CFEE4D00C63D8C /* quizFour */ = {
			isa = PBXNativeTarget;
			buildConfigurationList = 251623D127CFEE4E00C63D8C /* Build configuration list for PBXNativeTarget "quizFour" */;
			buildPhases = (
				251623A927CFEE4D00C63D8C /* Sources */,
				251623AA27CFEE4D00C63D8C /* Frameworks */,
				251623AB27CFEE4D00C63D8C /* Resources */,
			);
			buildRules = (
			);
			dependencies = (
			);
			name = quizFour;
			productName = quizFour;
			productReference = 251623AD27CFEE4D00C63D8C /* quizFour.app */;
			productType = "com.apple.product-type.application";
		};
		251623BC27CFEE4E00C63D8C /* quizFourTests */ = {
			isa = PBXNativeTarget;
			buildConfigurationList = 251623D427CFEE4E00C63D8C /* Build configuration list for PBXNativeTarget "quizFourTests" */;
			buildPhases = (
				251623B927CFEE4E00C63D8C /* Sources */,
				251623BA27CFEE4E00C63D8C /* Frameworks */,
				251623BB27CFEE4E00C63D8C /* Resources */,
			);
			buildRules = (
			);
			dependencies = (
				251623BF27CFEE4E00C63D8C /* PBXTargetDependency */,
			);
			name = quizFourTests;
			productName = quizFourTests;
			productReference = 251623BD27CFEE4E00C63D8C /* quizFourTests.xctest */;
			productType = "com.apple.product-type.bundle.unit-test";
		};
		251623C627CFEE4E00C63D8C /* quizFourUITests */ = {
			isa = PBXNativeTarget;
			buildConfigurationList = 251623D727CFEE4E00C63D8C /* Build configuration list for PBXNativeTarget "quizFourUITests" */;
			buildPhases = (
				251623C327CFEE4E00C63D8C /* Sources */,
				251623C427CFEE4E00C63D8C /* Frameworks */,
				251623C527CFEE4E00C63D8C /* Resources */,
			);
			buildRules = (
			);
			dependencies = (
				251623C927CFEE4E00C63D8C /* PBXTargetDependency */,
			);
			name = quizFourUITests;
			productName = quizFourUITests;
			productReference = 251623C727CFEE4E00C63D8C /* quizFourUITests.xctest */;
			productType = "com.apple.product-type.bundle.ui-testing";
		};
/* End PBXNativeTarget section */

/* Begin PBXProject section */
		251623A527CFEE4D00C63D8C /* Project object */ = {
			isa = PBXProject;
			attributes = {
				BuildIndependentTargetsInParallel = 1;
				LastSwiftUpdateCheck = 1320;
				LastUpgradeCheck = 1320;
				TargetAttributes = {
					251623AC27CFEE4D00C63D8C = {
						CreatedOnToolsVersion = 13.2.1;
					};
					251623BC27CFEE4E00C63D8C = {
						CreatedOnToolsVersion = 13.2.1;
						TestTargetID = 251623AC27CFEE4D00C63D8C;
					};
					251623C627CFEE4E00C63D8C = {
						CreatedOnToolsVersion = 13.2.1;
						TestTargetID = 251623AC27CFEE4D00C63D8C;
					};
				};
			};
			buildConfigurationList = 251623A827CFEE4D00C63D8C /* Build configuration list for PBXProject "quizFour" */;
			compatibilityVersion = "Xcode 13.0";
			developmentRegion = en;
			hasScannedForEncodings = 0;
			knownRegions = (
				en,
				Base,
			);
			mainGroup = 251623A427CFEE4D00C63D8C;
			productRefGroup = 251623AE27CFEE4D00C63D8C /* Products */;
			projectDirPath = "";
			projectRoot = "";
			targets = (
				251623AC27CFEE4D00C63D8C /* quizFour */,
				251623BC27CFEE4E00C63D8C /* quizFourTests */,
				251623C627CFEE4E00C63D8C /* quizFourUITests */,
			);
		};
/* End PBXProject section */

/* Begin PBXResourcesBuildPhase section */
		251623AB27CFEE4D00C63D8C /* Resources */ = {
			isa = PBXResourcesBuildPhase;
			buildActionMask = 2147483647;
			files = (
				251623B827CFEE4D00C63D8C /* Preview Assets.xcassets in Resources */,
				251623B527CFEE4D00C63D8C /* Assets.xcassets in Resources */,
			);
			runOnlyForDeploymentPostprocessing = 0;
		};
		251623BB27CFEE4E00C63D8C /* Resources */ = {
			isa = PBXResourcesBuildPhase;
			buildActionMask = 2147483647;
			files = (
			);
			runOnlyForDeploymentPostprocessing = 0;
		};
		251623C527CFEE4E00C63D8C /* Resources */ = {
			isa = PBXResourcesBuildPhase;
			buildActionMask = 2147483647;
			files = (
			);
			runOnlyForDeploymentPostprocessing = 0;
		};
/* End PBXResourcesBuildPhase section */

/* Begin PBXSourcesBuildPhase section */
		251623A927CFEE4D00C63D8C /* Sources */ = {
			isa = PBXSourcesBuildPhase;
			buildActionMask = 2147483647;
			files = (
				251623B327CFEE4D00C63D8C /* ContentView.swift in Sources */,
				251623B127CFEE4D00C63D8C /* quizFourApp.swift in Sources */,
			);
			runOnlyForDeploymentPostprocessing = 0;
		};
		251623B927CFEE4E00C63D8C /* Sources */ = {
			isa = PBXSourcesBuildPhase;
			buildActionMask = 2147483647;
			files = (
				251623C227CFEE4E00C63D8C /* quizFourTests.swift in Sources */,
			);
			runOnlyForDeploymentPostprocessing = 0;
		};
		251623C327CFEE4E00C63D8C /* Sources */ = {
			isa = PBXSourcesBuildPhase;
			buildActionMask = 2147483647;
			files = (
				251623CE27CFEE4E00C63D8C /* quizFourUITestsLaunchTests.swift in Sources */,
				251623CC27CFEE4E00C63D8C /* quizFourUITests.swift in Sources */,
			);
			runOnlyForDeploymentPostprocessing = 0;
		};
/* End PBXSourcesBuildPhase section */

/* Begin PBXTargetDependency section */
		251623BF27CFEE4E00C63D8C /* PBXTargetDependency */ = {
			isa = PBXTargetDependency;
			target = 251623AC27CFEE4D00C63D8C /* quizFour */;
			targetProxy = 251623BE27CFEE4E00C63D8C /* PBXContainerItemProxy */;
		};
		251623C927CFEE4E00C63D8C /* PBXTargetDependency */ = {
			isa = PBXTargetDependency;
			target = 251623AC27CFEE4D00C63D8C /* quizFour */;
			targetProxy = 251623C827CFEE4E00C63D8C /* PBXContainerItemProxy */;
		};
/* End PBXTargetDependency section */

/* Begin XCBuildConfiguration section */
		251623CF27CFEE4E00C63D8C /* Debug */ = {
			isa = XCBuildConfiguration;
			buildSettings = {
				ALWAYS_SEARCH_USER_PATHS = NO;
				CLANG_ANALYZER_NONNULL = YES;
				CLANG_ANALYZER_NUMBER_OBJECT_CONVERSION = YES_AGGRESSIVE;
				CLANG_CXX_LANGUAGE_STANDARD = "gnu++17";
				CLANG_CXX_LIBRARY = "libc++";
				CLANG_ENABLE_MODULES = YES;
				CLANG_ENABLE_OBJC_ARC = YES;
				CLANG_ENABLE_OBJC_WEAK = YES;
				CLANG_WARN_BLOCK_CAPTURE_AUTORELEASING = YES;
				CLANG_WARN_BOOL_CONVERSION = YES;
				CLANG_WARN_COMMA = YES;
				CLANG_WARN_CONSTANT_CONVERSION = YES;
				CLANG_WARN_DEPRECATED_OBJC_IMPLEMENTATIONS = YES;
				CLANG_WARN_DIRECT_OBJC_ISA_USAGE = YES_ERROR;
				CLANG_WARN_DOCUMENTATION_COMMENTS = YES;
				CLANG_WARN_EMPTY_BODY = YES;
				CLANG_WARN_ENUM_CONVERSION = YES;
				CLANG_WARN_INFINITE_RECURSION = YES;
				CLANG_WARN_INT_CONVERSION = YES;
				CLANG_WARN_NON_LITERAL_NULL_CONVERSION = YES;
				CLANG_WARN_OBJC_IMPLICIT_RETAIN_SELF = YES;
				CLANG_WARN_OBJC_LITERAL_CONVERSION = YES;
				CLANG_WARN_OBJC_ROOT_CLASS = YES_ERROR;
				CLANG_WARN_QUOTED_INCLUDE_IN_FRAMEWORK_HEADER = YES;
				CLANG_WARN_RANGE_LOOP_ANALYSIS = YES;
				CLANG_WARN_STRICT_PROTOTYPES = YES;
				CLANG_WARN_SUSPICIOUS_MOVE = YES;
				CLANG_WARN_UNGUARDED_AVAILABILITY = YES_AGGRESSIVE;
				CLANG_WARN_UNREACHABLE_CODE = YES;
				CLANG_WARN__DUPLICATE_METHOD_MATCH = YES;
				COPY_PHASE_STRIP = NO;
				DEBUG_INFORMATION_FORMAT = dwarf;
				ENABLE_STRICT_OBJC_MSGSEND = YES;
				ENABLE_TESTABILITY = YES;
				GCC_C_LANGUAGE_STANDARD = gnu11;
				GCC_DYNAMIC_NO_PIC = NO;
				GCC_NO_COMMON_BLOCKS = YES;
				GCC_OPTIMIZATION_LEVEL = 0;
				GCC_PREPROCESSOR_DEFINITIONS = (
					"DEBUG=1",
					"$(inherited)",
				);
				GCC_WARN_64_TO_32_BIT_CONVERSION = YES;
				GCC_WARN_ABOUT_RETURN_TYPE = YES_ERROR;
				GCC_WARN_UNDECLARED_SELECTOR = YES;
				GCC_WARN_UNINITIALIZED_AUTOS = YES_AGGRESSIVE;
				GCC_WARN_UNUSED_FUNCTION = YES;
				GCC_WARN_UNUSED_VARIABLE = YES;
				IPHONEOS_DEPLOYMENT_TARGET = 15.2;
				MTL_ENABLE_DEBUG_INFO = INCLUDE_SOURCE;
				MTL_FAST_MATH = YES;
				ONLY_ACTIVE_ARCH = YES;
				SDKROOT = iphoneos;
				SWIFT_ACTIVE_COMPILATION_CONDITIONS = DEBUG;
				SWIFT_OPTIMIZATION_LEVEL = "-Onone";
			};
			name = Debug;
		};
		251623D027CFEE4E00C63D8C /* Release */ = {
			isa = XCBuildConfiguration;
			buildSettings = {
				ALWAYS_SEARCH_USER_PATHS = NO;
				CLANG_ANALYZER_NONNULL = YES;
				CLANG_ANALYZER_NUMBER_OBJECT_CONVERSION = YES_AGGRESSIVE;
				CLANG_CXX_LANGUAGE_STANDARD = "gnu++17";
				CLANG_CXX_LIBRARY = "libc++";
				CLANG_ENABLE_MODULES = YES;
				CLANG_ENABLE_OBJC_ARC = YES;
				CLANG_ENABLE_OBJC_WEAK = YES;
				CLANG_WARN_BLOCK_CAPTURE_AUTORELEASING = YES;
				CLANG_WARN_BOOL_CONVERSION = YES;
				CLANG_WARN_COMMA = YES;
				CLANG_WARN_CONSTANT_CONVERSION = YES;
				CLANG_WARN_DEPRECATED_OBJC_IMPLEMENTATIONS = YES;
				CLANG_WARN_DIRECT_OBJC_ISA_USAGE = YES_ERROR;
				CLANG_WARN_DOCUMENTATION_COMMENTS = YES;
				CLANG_WARN_EMPTY_BODY = YES;
				CLANG_WARN_ENUM_CONVERSION = YES;
				CLANG_WARN_INFINITE_RECURSION = YES;
				CLANG_WARN_INT_CONVERSION = YES;
				CLANG_WARN_NON_LITERAL_NULL_CONVERSION = YES;
				CLANG_WARN_OBJC_IMPLICIT_RETAIN_SELF = YES;
				CLANG_WARN_OBJC_LITERAL_CONVERSION = YES;
				CLANG_WARN_OBJC_ROOT_CLASS = YES_ERROR;
				CLANG_WARN_QUOTED_INCLUDE_IN_FRAMEWORK_HEADER = YES;
				CLANG_WARN_RANGE_LOOP_ANALYSIS = YES;
				CLANG_WARN_STRICT_PROTOTYPES = YES;
				CLANG_WARN_SUSPICIOUS_MOVE = YES;
				CLANG_WARN_UNGUARDED_AVAILABILITY = YES_AGGRESSIVE;
				CLANG_WARN_UNREACHABLE_CODE = YES;
				CLANG_WARN__DUPLICATE_METHOD_MATCH = YES;
				COPY_PHASE_STRIP = NO;
				DEBUG_INFORMATION_FORMAT = "dwarf-with-dsym";
				ENABLE_NS_ASSERTIONS = NO;
				ENABLE_STRICT_OBJC_MSGSEND = YES;
				GCC_C_LANGUAGE_STANDARD = gnu11;
				GCC_NO_COMMON_BLOCKS = YES;
				GCC_WARN_64_TO_32_BIT_CONVERSION = YES;
				GCC_WARN_ABOUT_RETURN_TYPE = YES_ERROR;
				GCC_WARN_UNDECLARED_SELECTOR = YES;
				GCC_WARN_UNINITIALIZED_AUTOS = YES_AGGRESSIVE;
				GCC_WARN_UNUSED_FUNCTION = YES;
				GCC_WARN_UNUSED_VARIABLE = YES;
				IPHONEOS_DEPLOYMENT_TARGET = 15.2;
				MTL_ENABLE_DEBUG_INFO = NO;
				MTL_FAST_MATH = YES;
				SDKROOT = iphoneos;
				SWIFT_COMPILATION_MODE = wholemodule;
				SWIFT_OPTIMIZATION_LEVEL = "-O";
				VALIDATE_PRODUCT = YES;
			};
			name = Release;
		};
		251623D227CFEE4E00C63D8C /* Debug */ = {
			isa = XCBuildConfiguration;
			buildSettings = {
				ASSETCATALOG_COMPILER_APPICON_NAME = AppIcon;
				ASSETCATALOG_COMPILER_GLOBAL_ACCENT_COLOR_NAME = AccentColor;
				CODE_SIGN_STYLE = Automatic;
				CURRENT_PROJECT_VERSION = 1;
				DEVELOPMENT_ASSET_PATHS = "\"quizFour/Preview Content\"";
				DEVELOPMENT_TEAM = 5F48KU359M;
				ENABLE_PREVIEWS = YES;
				GENERATE_INFOPLIST_FILE = YES;
				INFOPLIST_KEY_UIApplicationSceneManifest_Generation = YES;
				INFOPLIST_KEY_UIApplicationSupportsIndirectInputEvents = YES;
				INFOPLIST_KEY_UILaunchScreen_Generation = YES;
				INFOPLIST_KEY_UISupportedInterfaceOrientations_iPad = "UIInterfaceOrientationPortrait UIInterfaceOrientationPortraitUpsideDown UIInterfaceOrientationLandscapeLeft UIInterfaceOrientationLandscapeRight";
				INFOPLIST_KEY_UISupportedInterfaceOrientations_iPhone = "UIInterfaceOrientationPortrait UIInterfaceOrientationLandscapeLeft UIInterfaceOrientationLandscapeRight";
				LD_RUNPATH_SEARCH_PATHS = (
					"$(inherited)",
					"@executable_path/Frameworks",
				);
				MARKETING_VERSION = 1.0;
				PRODUCT_BUNDLE_IDENTIFIER = ca.imc.quizFour;
				PRODUCT_NAME = "$(TARGET_NAME)";
				SWIFT_EMIT_LOC_STRINGS = YES;
				SWIFT_VERSION = 5.0;
				TARGETED_DEVICE_FAMILY = "1,2";
			};
			name = Debug;
		};
		251623D327CFEE4E00C63D8C /* Release */ = {
			isa = XCBuildConfiguration;
			buildSettings = {
				ASSETCATALOG_COMPILER_APPICON_NAME = AppIcon;
				ASSETCATALOG_COMPILER_GLOBAL_ACCENT_COLOR_NAME = AccentColor;
				CODE_SIGN_STYLE = Automatic;
				CURRENT_PROJECT_VERSION = 1;
				DEVELOPMENT_ASSET_PATHS = "\"quizFour/Preview Content\"";
				DEVELOPMENT_TEAM = 5F48KU359M;
				ENABLE_PREVIEWS = YES;
				GENERATE_INFOPLIST_FILE = YES;
				INFOPLIST_KEY_UIApplicationSceneManifest_Generation = YES;
				INFOPLIST_KEY_UIApplicationSupportsIndirectInputEvents = YES;
				INFOPLIST_KEY_UILaunchScreen_Generation = YES;
				INFOPLIST_KEY_UISupportedInterfaceOrientations_iPad = "UIInterfaceOrientationPortrait UIInterfaceOrientationPortraitUpsideDown UIInterfaceOrientationLandscapeLeft UIInterfaceOrientationLandscapeRight";
				INFOPLIST_KEY_UISupportedInterfaceOrientations_iPhone = "UIInterfaceOrientationPortrait UIInterfaceOrientationLandscapeLeft UIInterfaceOrientationLandscapeRight";
				LD_RUNPATH_SEARCH_PATHS = (
					"$(inherited)",
					"@executable_path/Frameworks",
				);
				MARKETING_VERSION = 1.0;
				PRODUCT_BUNDLE_IDENTIFIER = ca.imc.quizFour;
				PRODUCT_NAME = "$(TARGET_NAME)";
				SWIFT_EMIT_LOC_STRINGS = YES;
				SWIFT_VERSION = 5.0;
				TARGETED_DEVICE_FAMILY = "1,2";
			};
			name = Release;
		};
		251623D527CFEE4E00C63D8C /* Debug */ = {
			isa = XCBuildConfiguration;
			buildSettings = {
				ALWAYS_EMBED_SWIFT_STANDARD_LIBRARIES = YES;
				BUNDLE_LOADER = "$(TEST_HOST)";
				CODE_SIGN_STYLE = Automatic;
				CURRENT_PROJECT_VERSION = 1;
				DEVELOPMENT_TEAM = 5F48KU359M;
				GENERATE_INFOPLIST_FILE = YES;
				IPHONEOS_DEPLOYMENT_TARGET = 15.2;
				MARKETING_VERSION = 1.0;
				PRODUCT_BUNDLE_IDENTIFIER = ca.imc.quizFourTests;
				PRODUCT_NAME = "$(TARGET_NAME)";
				SWIFT_EMIT_LOC_STRINGS = NO;
				SWIFT_VERSION = 5.0;
				TARGETED_DEVICE_FAMILY = "1,2";
				TEST_HOST = "$(BUILT_PRODUCTS_DIR)/quizFour.app/quizFour";
			};
			name = Debug;
		};
		251623D627CFEE4E00C63D8C /* Release */ = {
			isa = XCBuildConfiguration;
			buildSettings = {
				ALWAYS_EMBED_SWIFT_STANDARD_LIBRARIES = YES;
				BUNDLE_LOADER = "$(TEST_HOST)";
				CODE_SIGN_STYLE = Automatic;
				CURRENT_PROJECT_VERSION = 1;
				DEVELOPMENT_TEAM = 5F48KU359M;
				GENERATE_INFOPLIST_FILE = YES;
				IPHONEOS_DEPLOYMENT_TARGET = 15.2;
				MARKETING_VERSION = 1.0;
				PRODUCT_BUNDLE_IDENTIFIER = ca.imc.quizFourTests;
				PRODUCT_NAME = "$(TARGET_NAME)";
				SWIFT_EMIT_LOC_STRINGS = NO;
				SWIFT_VERSION = 5.0;
				TARGETED_DEVICE_FAMILY = "1,2";
				TEST_HOST = "$(BUILT_PRODUCTS_DIR)/quizFour.app/quizFour";
			};
			name = Release;
		};
		251623D827CFEE4E00C63D8C /* Debug */ = {
			isa = XCBuildConfiguration;
			buildSettings = {
				ALWAYS_EMBED_SWIFT_STANDARD_LIBRARIES = YES;
				CODE_SIGN_STYLE = Automatic;
				CURRENT_PROJECT_VERSION = 1;
				DEVELOPMENT_TEAM = 5F48KU359M;
				GENERATE_INFOPLIST_FILE = YES;
				MARKETING_VERSION = 1.0;
				PRODUCT_BUNDLE_IDENTIFIER = ca.imc.quizFourUITests;
				PRODUCT_NAME = "$(TARGET_NAME)";
				SWIFT_EMIT_LOC_STRINGS = NO;
				SWIFT_VERSION = 5.0;
				TARGETED_DEVICE_FAMILY = "1,2";
				TEST_TARGET_NAME = quizFour;
			};
			name = Debug;
		};
		251623D927CFEE4E00C63D8C /* Release */ = {
			isa = XCBuildConfiguration;
			buildSettings = {
				ALWAYS_EMBED_SWIFT_STANDARD_LIBRARIES = YES;
				CODE_SIGN_STYLE = Automatic;
				CURRENT_PROJECT_VERSION = 1;
				DEVELOPMENT_TEAM = 5F48KU359M;
				GENERATE_INFOPLIST_FILE = YES;
				MARKETING_VERSION = 1.0;
				PRODUCT_BUNDLE_IDENTIFIER = ca.imc.quizFourUITests;
				PRODUCT_NAME = "$(TARGET_NAME)";
				SWIFT_EMIT_LOC_STRINGS = NO;
				SWIFT_VERSION = 5.0;
				TARGETED_DEVICE_FAMILY = "1,2";
				TEST_TARGET_NAME = quizFour;
			};
			name = Release;
		};
/* End XCBuildConfiguration section */

/* Begin XCConfigurationList section */
		251623A827CFEE4D00C63D8C /* Build configuration list for PBXProject "quizFour" */ = {
			isa = XCConfigurationList;
			buildConfigurations = (
				251623CF27CFEE4E00C63D8C /* Debug */,
				251623D027CFEE4E00C63D8C /* Release */,
			);
			defaultConfigurationIsVisible = 0;
			defaultConfigurationName = Release;
		};
		251623D127CFEE4E00C63D8C /* Build configuration list for PBXNativeTarget "quizFour" */ = {
			isa = XCConfigurationList;
			buildConfigurations = (
				251623D227CFEE4E00C63D8C /* Debug */,
				251623D327CFEE4E00C63D8C /* Release */,
			);
			defaultConfigurationIsVisible = 0;
			defaultConfigurationName = Release;
		};
		251623D427CFEE4E00C63D8C /* Build configuration list for PBXNativeTarget "quizFourTests" */ = {
			isa = XCConfigurationList;
			buildConfigurations = (
				251623D527CFEE4E00C63D8C /* Debug */,
				251623D627CFEE4E00C63D8C /* Release */,
			);
			defaultConfigurationIsVisible = 0;
			defaultConfigurationName = Release;
		};
		251623D727CFEE4E00C63D8C /* Build configuration list for PBXNativeTarget "quizFourUITests" */ = {
			isa = XCConfigurationList;
			buildConfigurations = (
				251623D827CFEE4E00C63D8C /* Debug */,
				251623D927CFEE4E00C63D8C /* Release */,
			);
			defaultConfigurationIsVisible = 0;
			defaultConfigurationName = Release;
		};
/* End XCConfigurationList section */
	};
	rootObject = 251623A527CFEE4D00C63D8C /* Project object */;
}
